
Microsoft Visual Studio Solution File, Format Version 12.00
# Visual Studio Version 16
VisualStudioVersion = 16.0.29920.165
MinimumVisualStudioVersion = 10.0.40219.1
Project("{FAE04EC0-301F-11D3-BF4B-00C04F79EFBC}") = "ViciousMockeryGenerator", "ViciousMockeryGenerator.csproj", "{F90968E7-45B1-4211-BAFF-9C82415EE7B0}"
EndProject
Global
	GlobalSection(SolutionConfigurationPlatforms) = preSolution
		Debug|Any CPU = Debug|Any CPU
		Release|Any CPU = Release|Any CPU
	EndGlobalSection
	GlobalSection(ProjectConfigurationPlatforms) = postSolution
		{F90968E7-45B1-4211-BAFF-9C82415EE7B0}.Debug|Any CPU.ActiveCfg = Debug|Any CPU
		{F90968E7-45B1-4211-BAFF-9C82415EE7B0}.Debug|Any CPU.Build.0 = Debug|Any CPU
		{F90968E7-45B1-4211-BAFF-9C82415EE7B0}.Release|Any CPU.ActiveCfg = Release|Any CPU
		{F90968E7-45B1-4211-BAFF-9C82415EE7B0}.Release|Any CPU.Build.0 = Release|Any CPU
	EndGlobalSection
	GlobalSection(SolutionProperties) = preSolution
		HideSolutionNode = FALSE
	EndGlobalSection
	GlobalSection(ExtensibilityGlobals) = postSolution
		SolutionGuid = {75EC3054-789B-402D-8231-99F8199FAE28}
	EndGlobalSection
EndGlobal
